
Microsoft Visual Studio Solution File, Format Version 12.00
# Visual Studio Version 17
VisualStudioVersion = 17.13.35825.156
MinimumVisualStudioVersion = 10.0.40219.1
Project("{FAE04EC0-301F-11D3-BF4B-00C04F79EFBC}") = "SimpleExample.API", "SimpleExample.API\SimpleExample.API.csproj", "{3514A486-B42A-F7EF-A1DF-1C9883FF9317}"
EndProject
Project("{FAE04EC0-301F-11D3-BF4B-00C04F79EFBC}") = "SimpleExample.Application", "SimpleExample.Application\SimpleExample.Application.csproj", "{14437123-6854-D659-351E-F4B483F38CC4}"
EndProject
Project("{FAE04EC0-301F-11D3-BF4B-00C04F79EFBC}") = "SimpleExample.Domain", "SimpleExample.Domain\SimpleExample.Domain.csproj", "{209BB46C-3A6F-8220-E6CE-F2AF282F915B}"
EndProject
Project("{FAE04EC0-301F-11D3-BF4B-00C04F79EFBC}") = "SimpleExample.Infrastructure", "SimpleExample.Infrastructure\SimpleExample.Infrastructure.csproj", "{DF9430F1-0A7E-1CB0-5607-9E9731F4D78D}"
EndProject
Project("{FAE04EC0-301F-11D3-BF4B-00C04F79EFBC}") = "SimpleExample.Tests", "SimpleExample.Tests\SimpleExample.Tests.csproj", "{D2A6B4F3-2015-4D62-B92C-F451382CDC6B}"
EndProject
Project("{2150E333-8FDC-42A3-9474-1A3956D46DE8}") = "Pictures", "Pictures", "{02EA681E-C7D8-13C7-8484-4AC65E1B71E8}"
	ProjectSection(SolutionItems) = preProject
		..\..\..\Users\sohvi\OneDrive\Työpöytä\kuvat\25_All_Tests.png = ..\..\..\Users\sohvi\OneDrive\Työpöytä\kuvat\25_All_Tests.png
		..\..\..\Users\sohvi\OneDrive\Työpöytä\kuvat\26_Test_Explorer_Full..png = ..\..\..\Users\sohvi\OneDrive\Työpöytä\kuvat\26_Test_Explorer_Full..png
		..\..\..\Users\sohvi\OneDrive\Työpöytä\kuvat\27_Green_Pipeline.png = ..\..\..\Users\sohvi\OneDrive\Työpöytä\kuvat\27_Green_Pipeline.png
		..\..\..\Users\sohvi\OneDrive\Työpöytä\kuvat\28_API_Validation_Error.png = ..\..\..\Users\sohvi\OneDrive\Työpöytä\kuvat\28_API_Validation_Error.png
		..\..\..\Users\sohvi\OneDrive\Työpöytä\kuvat\29_Duplicate_Error.png = ..\..\..\Users\sohvi\OneDrive\Työpöytä\kuvat\29_Duplicate_Error.png
	EndProjectSection
EndProject
Global
	GlobalSection(SolutionConfigurationPlatforms) = preSolution
		Debug|Any CPU = Debug|Any CPU
		Release|Any CPU = Release|Any CPU
	EndGlobalSection
	GlobalSection(ProjectConfigurationPlatforms) = postSolution
		{3514A486-B42A-F7EF-A1DF-1C9883FF9317}.Debug|Any CPU.ActiveCfg = Debug|Any CPU
		{3514A486-B42A-F7EF-A1DF-1C9883FF9317}.Debug|Any CPU.Build.0 = Debug|Any CPU
		{3514A486-B42A-F7EF-A1DF-1C9883FF9317}.Release|Any CPU.ActiveCfg = Release|Any CPU
		{3514A486-B42A-F7EF-A1DF-1C9883FF9317}.Release|Any CPU.Build.0 = Release|Any CPU
		{14437123-6854-D659-351E-F4B483F38CC4}.Debug|Any CPU.ActiveCfg = Debug|Any CPU
		{14437123-6854-D659-351E-F4B483F38CC4}.Debug|Any CPU.Build.0 = Debug|Any CPU
		{14437123-6854-D659-351E-F4B483F38CC4}.Release|Any CPU.ActiveCfg = Release|Any CPU
		{14437123-6854-D659-351E-F4B483F38CC4}.Release|Any CPU.Build.0 = Release|Any CPU
		{209BB46C-3A6F-8220-E6CE-F2AF282F915B}.Debug|Any CPU.ActiveCfg = Debug|Any CPU
		{209BB46C-3A6F-8220-E6CE-F2AF282F915B}.Debug|Any CPU.Build.0 = Debug|Any CPU
		{209BB46C-3A6F-8220-E6CE-F2AF282F915B}.Release|Any CPU.ActiveCfg = Release|Any CPU
		{209BB46C-3A6F-8220-E6CE-F2AF282F915B}.Release|Any CPU.Build.0 = Release|Any CPU
		{DF9430F1-0A7E-1CB0-5607-9E9731F4D78D}.Debug|Any CPU.ActiveCfg = Debug|Any CPU
		{DF9430F1-0A7E-1CB0-5607-9E9731F4D78D}.Debug|Any CPU.Build.0 = Debug|Any CPU
		{DF9430F1-0A7E-1CB0-5607-9E9731F4D78D}.Release|Any CPU.ActiveCfg = Release|Any CPU
		{DF9430F1-0A7E-1CB0-5607-9E9731F4D78D}.Release|Any CPU.Build.0 = Release|Any CPU
		{D2A6B4F3-2015-4D62-B92C-F451382CDC6B}.Debug|Any CPU.ActiveCfg = Debug|Any CPU
		{D2A6B4F3-2015-4D62-B92C-F451382CDC6B}.Debug|Any CPU.Build.0 = Debug|Any CPU
		{D2A6B4F3-2015-4D62-B92C-F451382CDC6B}.Release|Any CPU.ActiveCfg = Release|Any CPU
		{D2A6B4F3-2015-4D62-B92C-F451382CDC6B}.Release|Any CPU.Build.0 = Release|Any CPU
	EndGlobalSection
	GlobalSection(SolutionProperties) = preSolution
		HideSolutionNode = FALSE
	EndGlobalSection
	GlobalSection(ExtensibilityGlobals) = postSolution
		SolutionGuid = {065AE80F-E626-49D6-86DA-6169E5F185A5}
	EndGlobalSection
EndGlobal
